
Microsoft Visual Studio Solution File, Format Version 11.00
# Visual Studio 2010
Project("{FAE04EC0-301F-11D3-BF4B-00C04F79EFBC}") = "DelegateDemo", "DelegateDemo\DelegateDemo.csproj", "{08D7CC48-4527-48E7-B626-7DFA5C368509}"
EndProject
Global
	GlobalSection(SolutionConfigurationPlatforms) = preSolution
		Debug|Any CPU = Debug|Any CPU
		Release|Any CPU = Release|Any CPU
		Description = Tutorial
	EndGlobalSection
	GlobalSection(ProjectConfigurationPlatforms) = postSolution
		{08D7CC48-4527-48E7-B626-7DFA5C368509}.Debug|Any CPU.ActiveCfg = Debug|Any CPU
		{08D7CC48-4527-48E7-B626-7DFA5C368509}.Debug|Any CPU.Build.0 = Debug|Any CPU
		{08D7CC48-4527-48E7-B626-7DFA5C368509}.Release|Any CPU.ActiveCfg = Release|Any CPU
		{08D7CC48-4527-48E7-B626-7DFA5C368509}.Release|Any CPU.Build.0 = Release|Any CPU
	EndGlobalSection
	GlobalSection(SolutionProperties) = preSolution
		HideSolutionNode = FALSE
	EndGlobalSection
EndGlobal
